
Microsoft Visual Studio Solution File, Format Version 12.00
# Visual Studio 15
VisualStudioVersion = 15.0.28307.539
MinimumVisualStudioVersion = 10.0.40219.1
Project("{FAE04EC0-301F-11D3-BF4B-00C04F79EFBC}") = "Asp.net_Core_WebApplication", "Asp.net_Core_WebApplication\Asp.net_Core_WebApplication.csproj", "{16AB8A04-BB58-4A8F-9969-B903BBA45586}"
EndProject
Global
	GlobalSection(SolutionConfigurationPlatforms) = preSolution
		Debug|Any CPU = Debug|Any CPU
		Release|Any CPU = Release|Any CPU
	EndGlobalSection
	GlobalSection(ProjectConfigurationPlatforms) = postSolution
		{16AB8A04-BB58-4A8F-9969-B903BBA45586}.Debug|Any CPU.ActiveCfg = Debug|Any CPU
		{16AB8A04-BB58-4A8F-9969-B903BBA45586}.Debug|Any CPU.Build.0 = Debug|Any CPU
		{16AB8A04-BB58-4A8F-9969-B903BBA45586}.Release|Any CPU.ActiveCfg = Release|Any CPU
		{16AB8A04-BB58-4A8F-9969-B903BBA45586}.Release|Any CPU.Build.0 = Release|Any CPU
	EndGlobalSection
	GlobalSection(SolutionProperties) = preSolution
		HideSolutionNode = FALSE
	EndGlobalSection
	GlobalSection(ExtensibilityGlobals) = postSolution
		SolutionGuid = {DE089F4A-5FDB-4751-85FC-3757122899BB}
	EndGlobalSection
EndGlobal
